
Microsoft Visual Studio Solution File, Format Version 12.00
Project("{FAE04EC0-301F-11D3-BF4B-00C04F79EFBC}") = "KafkaProducer", "KafkaProducer\KafkaProducer.csproj", "{BE160E3E-D302-4355-9AC5-C964DD036877}"
EndProject
Project("{FAE04EC0-301F-11D3-BF4B-00C04F79EFBC}") = "KafkaConsumer", "KafkaConsumer\KafkaConsumer.csproj", "{8AE8E536-9833-492D-BDDA-2724D6720E41}"
EndProject
Project("{FAE04EC0-301F-11D3-BF4B-00C04F79EFBC}") = "Common", "Common\Common.csproj", "{F16E94E7-AF08-4BA7-8158-3822F5B7A901}"
EndProject
Global
	GlobalSection(SolutionConfigurationPlatforms) = preSolution
		Debug|Any CPU = Debug|Any CPU
		Release|Any CPU = Release|Any CPU
	EndGlobalSection
	GlobalSection(ProjectConfigurationPlatforms) = postSolution
		{BE160E3E-D302-4355-9AC5-C964DD036877}.Debug|Any CPU.ActiveCfg = Debug|Any CPU
		{BE160E3E-D302-4355-9AC5-C964DD036877}.Debug|Any CPU.Build.0 = Debug|Any CPU
		{BE160E3E-D302-4355-9AC5-C964DD036877}.Release|Any CPU.ActiveCfg = Release|Any CPU
		{BE160E3E-D302-4355-9AC5-C964DD036877}.Release|Any CPU.Build.0 = Release|Any CPU
		{8AE8E536-9833-492D-BDDA-2724D6720E41}.Debug|Any CPU.ActiveCfg = Debug|Any CPU
		{8AE8E536-9833-492D-BDDA-2724D6720E41}.Debug|Any CPU.Build.0 = Debug|Any CPU
		{8AE8E536-9833-492D-BDDA-2724D6720E41}.Release|Any CPU.ActiveCfg = Release|Any CPU
		{8AE8E536-9833-492D-BDDA-2724D6720E41}.Release|Any CPU.Build.0 = Release|Any CPU
		{F16E94E7-AF08-4BA7-8158-3822F5B7A901}.Debug|Any CPU.ActiveCfg = Debug|Any CPU
		{F16E94E7-AF08-4BA7-8158-3822F5B7A901}.Debug|Any CPU.Build.0 = Debug|Any CPU
		{F16E94E7-AF08-4BA7-8158-3822F5B7A901}.Release|Any CPU.ActiveCfg = Release|Any CPU
		{F16E94E7-AF08-4BA7-8158-3822F5B7A901}.Release|Any CPU.Build.0 = Release|Any CPU
	EndGlobalSection
EndGlobal
